// !$*UTF8*$!
{
	archiveVersion = 1;
	classes = {
	};
	objectVersion = 51;
	objects = {

/* Begin PBXBuildFile section */
		256DC9E523BA340A00F77B96 /* ListVoiceViewController.swift in Sources */ = {isa = PBXBuildFile; fileRef = 256DC9E323BA340A00F77B96 /* ListVoiceViewController.swift */; };
		256DC9E623BA340A00F77B96 /* ListVoiceViewController.xib in Resources */ = {isa = PBXBuildFile; fileRef = 256DC9E423BA340A00F77B96 /* ListVoiceViewController.xib */; };
		256DC9ED23BA35E400F77B96 /* VoiceModel.swift in Sources */ = {isa = PBXBuildFile; fileRef = 256DC9EB23BA35E400F77B96 /* VoiceModel.swift */; };
		256DC9EE23BA35E400F77B96 /* SectionVoiceModel.swift in Sources */ = {isa = PBXBuildFile; fileRef = 256DC9EC23BA35E400F77B96 /* SectionVoiceModel.swift */; };
		256DC9F023BA366600F77B96 /* ListLanguages.swift in Sources */ = {isa = PBXBuildFile; fileRef = 256DC9EF23BA366500F77B96 /* ListLanguages.swift */; };
		256DCA1823BA36B100F77B96 /* SLOVAKIA.swift in Sources */ = {isa = PBXBuildFile; fileRef = 256DC9F223BA36B000F77B96 /* SLOVAKIA.swift */; };
		256DCA1923BA36B100F77B96 /* TURKEY.swift in Sources */ = {isa = PBXBuildFile; fileRef = 256DC9F323BA36B000F77B96 /* TURKEY.swift */; };
		256DCA1A23BA36B100F77B96 /* INDIAN.swift in Sources */ = {isa = PBXBuildFile; fileRef = 256DC9F423BA36B000F77B96 /* INDIAN.swift */; };
		256DCA1B23BA36B100F77B96 /* KOREAN.swift in Sources */ = {isa = PBXBuildFile; fileRef = 256DC9F523BA36B000F77B96 /* KOREAN.swift */; };
		256DCA1C23BA36B100F77B96 /* HUNGARY.swift in Sources */ = {isa = PBXBuildFile; fileRef = 256DC9F623BA36B000F77B96 /* HUNGARY.swift */; };
		256DCA1D23BA36B100F77B96 /* ROMANIA.swift in Sources */ = {isa = PBXBuildFile; fileRef = 256DC9F723BA36B000F77B96 /* ROMANIA.swift */; };
		256DCA1E23BA36B100F77B96 /* UNITEDKINGDOM.swift in Sources */ = {isa = PBXBuildFile; fileRef = 256DC9F823BA36B000F77B96 /* UNITEDKINGDOM.swift */; };
		256DCA1F23BA36B100F77B96 /* UNITEDSTATES.swift in Sources */ = {isa = PBXBuildFile; fileRef = 256DC9F923BA36B000F77B96 /* UNITEDSTATES.swift */; };
		256DCA2023BA36B100F77B96 /* CANADA.swift in Sources */ = {isa = PBXBuildFile; fileRef = 256DC9FA23BA36B000F77B96 /* CANADA.swift */; };
		256DCA2123BA36B100F77B96 /* BEGIUM.swift in Sources */ = {isa = PBXBuildFile; fileRef = 256DC9FB23BA36B000F77B96 /* BEGIUM.swift */; };
		256DCA2223BA36B100F77B96 /* DANISH.swift in Sources */ = {isa = PBXBuildFile; fileRef = 256DC9FC23BA36B000F77B96 /* DANISH.swift */; };
		256DCA2323BA36B100F77B96 /* IRISH.swift in Sources */ = {isa = PBXBuildFile; fileRef = 256DC9FD23BA36B000F77B96 /* IRISH.swift */; };
		256DCA2423BA36B100F77B96 /* FRANCE.swift in Sources */ = {isa = PBXBuildFile; fileRef = 256DC9FE23BA36B000F77B96 /* FRANCE.swift */; };
		256DCA2523BA36B100F77B96 /* PORTUGAL.swift in Sources */ = {isa = PBXBuildFile; fileRef = 256DC9FF23BA36B000F77B96 /* PORTUGAL.swift */; };
		256DCA2623BA36B100F77B96 /* THAILAND.swift in Sources */ = {isa = PBXBuildFile; fileRef = 256DCA0023BA36B000F77B96 /* THAILAND.swift */; };
		256DCA2723BA36B100F77B96 /* CZECK.swift in Sources */ = {isa = PBXBuildFile; fileRef = 256DCA0123BA36B000F77B96 /* CZECK.swift */; };
		256DCA2823BA36B100F77B96 /* HINDI.swift in Sources */ = {isa = PBXBuildFile; fileRef = 256DCA0223BA36B000F77B96 /* HINDI.swift */; };
		256DCA2923BA36B100F77B96 /* INDONESIA.swift in Sources */ = {isa = PBXBuildFile; fileRef = 256DCA0323BA36B000F77B96 /* INDONESIA.swift */; };
		256DCA2A23BA36B100F77B96 /* ITALY.swift in Sources */ = {isa = PBXBuildFile; fileRef = 256DCA0423BA36B000F77B96 /* ITALY.swift */; };
		256DCA2B23BA36B100F77B96 /* FINLAND.swift in Sources */ = {isa = PBXBuildFile; fileRef = 256DCA0523BA36B000F77B96 /* FINLAND.swift */; };
		256DCA2C23BA36B100F77B96 /* HONGKONG.swift in Sources */ = {isa = PBXBuildFile; fileRef = 256DCA0623BA36B000F77B96 /* HONGKONG.swift */; };
		256DCA2D23BA36B100F77B96 /* NETHERLANDS.swift in Sources */ = {isa = PBXBuildFile; fileRef = 256DCA0723BA36B000F77B96 /* NETHERLANDS.swift */; };
		256DCA2E23BA36B100F77B96 /* BRAZIL.swift in Sources */ = {isa = PBXBuildFile; fileRef = 256DCA0823BA36B000F77B96 /* BRAZIL.swift */; };
		256DCA2F23BA36B100F77B96 /* POLAND.swift in Sources */ = {isa = PBXBuildFile; fileRef = 256DCA0923BA36B000F77B96 /* POLAND.swift */; };
		256DCA3023BA36B100F77B96 /* SAUDIARABIA.swift in Sources */ = {isa = PBXBuildFile; fileRef = 256DCA0A23BA36B000F77B96 /* SAUDIARABIA.swift */; };
		256DCA3123BA36B100F77B96 /* SOUTHAFICA.swift in Sources */ = {isa = PBXBuildFile; fileRef = 256DCA0B23BA36B000F77B96 /* SOUTHAFICA.swift */; };
		256DCA3223BA36B100F77B96 /* GREEK.swift in Sources */ = {isa = PBXBuildFile; fileRef = 256DCA0C23BA36B000F77B96 /* GREEK.swift */; };
		256DCA3323BA36B100F77B96 /* AUSTRALIAN.swift in Sources */ = {isa = PBXBuildFile; fileRef = 256DCA0D23BA36B100F77B96 /* AUSTRALIAN.swift */; };
		256DCA3423BA36B100F77B96 /* CHINA.swift in Sources */ = {isa = PBXBuildFile; fileRef = 256DCA0E23BA36B100F77B96 /* CHINA.swift */; };
		256DCA3523BA36B100F77B96 /* RUSSIAN.swift in Sources */ = {isa = PBXBuildFile; fileRef = 256DCA0F23BA36B100F77B96 /* RUSSIAN.swift */; };
		256DCA3623BA36B100F77B96 /* SPAIN.swift in Sources */ = {isa = PBXBuildFile; fileRef = 256DCA1023BA36B100F77B96 /* SPAIN.swift */; };
		256DCA3723BA36B100F77B96 /* GERMAN.swift in Sources */ = {isa = PBXBuildFile; fileRef = 256DCA1123BA36B100F77B96 /* GERMAN.swift */; };
		256DCA3823BA36B100F77B96 /* ISRAEL.swift in Sources */ = {isa = PBXBuildFile; fileRef = 256DCA1223BA36B100F77B96 /* ISRAEL.swift */; };
		256DCA3923BA36B100F77B96 /* SWEDEN.swift in Sources */ = {isa = PBXBuildFile; fileRef = 256DCA1323BA36B100F77B96 /* SWEDEN.swift */; };
		256DCA3A23BA36B100F77B96 /* TAIWAN.swift in Sources */ = {isa = PBXBuildFile; fileRef = 256DCA1423BA36B100F77B96 /* TAIWAN.swift */; };
		256DCA3B23BA36B100F77B96 /* JAPAN.swift in Sources */ = {isa = PBXBuildFile; fileRef = 256DCA1523BA36B100F77B96 /* JAPAN.swift */; };
		256DCA3C23BA36B100F77B96 /* MEXICO.swift in Sources */ = {isa = PBXBuildFile; fileRef = 256DCA1623BA36B100F77B96 /* MEXICO.swift */; };
		256DCA3D23BA36B100F77B96 /* NORWAY.swift in Sources */ = {isa = PBXBuildFile; fileRef = 256DCA1723BA36B100F77B96 /* NORWAY.swift */; };
		256DCA4123BA3AE200F77B96 /* ListVoiceCell.swift in Sources */ = {isa = PBXBuildFile; fileRef = 256DCA3F23BA3AE200F77B96 /* ListVoiceCell.swift */; };
		256DCA4223BA3AE200F77B96 /* ListVoiceCell.xib in Resources */ = {isa = PBXBuildFile; fileRef = 256DCA4023BA3AE200F77B96 /* ListVoiceCell.xib */; };
		75A479AE99310317994582C7 /* Pods_TextToSpeak_TextToSpeakUITests.framework in Frameworks */ = {isa = PBXBuildFile; fileRef = FFC08827558FAE4C0CE5395A /* Pods_TextToSpeak_TextToSpeakUITests.framework */; };
		76DB2C5D82CA226805B5D657 /* Pods_TextToSpeakTests.framework in Frameworks */ = {isa = PBXBuildFile; fileRef = 4B3E3C461083C65619026F32 /* Pods_TextToSpeakTests.framework */; };
		84D6C01A23B993ED00A53FBB /* TextViewController.swift in Sources */ = {isa = PBXBuildFile; fileRef = 84D6C01823B993ED00A53FBB /* TextViewController.swift */; };
		84D6C01B23B993ED00A53FBB /* TextViewController.xib in Resources */ = {isa = PBXBuildFile; fileRef = 84D6C01923B993ED00A53FBB /* TextViewController.xib */; };
		84D6C01E23B993FB00A53FBB /* SettingViewController.swift in Sources */ = {isa = PBXBuildFile; fileRef = 84D6C01C23B993FB00A53FBB /* SettingViewController.swift */; };
		84D6C01F23B993FB00A53FBB /* SettingViewController.xib in Resources */ = {isa = PBXBuildFile; fileRef = 84D6C01D23B993FB00A53FBB /* SettingViewController.xib */; };
		84D6C02223B9940800A53FBB /* StarViewController.swift in Sources */ = {isa = PBXBuildFile; fileRef = 84D6C02023B9940800A53FBB /* StarViewController.swift */; };
		84D6C02323B9940800A53FBB /* StarViewController.xib in Resources */ = {isa = PBXBuildFile; fileRef = 84D6C02123B9940800A53FBB /* StarViewController.xib */; };
		84D6C02723B995AC00A53FBB /* BaseViewXib.swift in Sources */ = {isa = PBXBuildFile; fileRef = 84D6C02623B995AC00A53FBB /* BaseViewXib.swift */; };
		84D6C02A23B995EA00A53FBB /* UIView+Extention.swift in Sources */ = {isa = PBXBuildFile; fileRef = 84D6C02923B995EA00A53FBB /* UIView+Extention.swift */; };
		84D6C02E23B9963300A53FBB /* ControlBar.swift in Sources */ = {isa = PBXBuildFile; fileRef = 84D6C02D23B9963300A53FBB /* ControlBar.swift */; };
		84D6C03023B9964700A53FBB /* ControlBar.xib in Resources */ = {isa = PBXBuildFile; fileRef = 84D6C02F23B9964700A53FBB /* ControlBar.xib */; };
		84D6C03223B998B200A53FBB /* BaseViewController.swift in Sources */ = {isa = PBXBuildFile; fileRef = 84D6C03123B998B200A53FBB /* BaseViewController.swift */; };
		84D6C03523B99B0A00A53FBB /* AppConstant.swift in Sources */ = {isa = PBXBuildFile; fileRef = 84D6C03423B99B0A00A53FBB /* AppConstant.swift */; };
		84D6C03823B99FED00A53FBB /* UserDefaultHelper.swift in Sources */ = {isa = PBXBuildFile; fileRef = 84D6C03723B99FED00A53FBB /* UserDefaultHelper.swift */; };
		84D6C03C23B9A1DF00A53FBB /* String+Extention.swift in Sources */ = {isa = PBXBuildFile; fileRef = 84D6C03B23B9A1DF00A53FBB /* String+Extention.swift */; };
		84D6C04023B9A64E00A53FBB /* TextTableViewCell.swift in Sources */ = {isa = PBXBuildFile; fileRef = 84D6C03E23B9A64E00A53FBB /* TextTableViewCell.swift */; };
		84D6C04123B9A64E00A53FBB /* TextTableViewCell.xib in Resources */ = {isa = PBXBuildFile; fileRef = 84D6C03F23B9A64E00A53FBB /* TextTableViewCell.xib */; };
		84D6C04323B9A66700A53FBB /* UITableView+Extention.swift in Sources */ = {isa = PBXBuildFile; fileRef = 84D6C04223B9A66700A53FBB /* UITableView+Extention.swift */; };
		84D6C04623B9ABAD00A53FBB /* HistoryModel.swift in Sources */ = {isa = PBXBuildFile; fileRef = 84D6C04523B9ABAD00A53FBB /* HistoryModel.swift */; };
		84D6C04A23B9DD0400A53FBB /* SelectVoiceViewController.swift in Sources */ = {isa = PBXBuildFile; fileRef = 84D6C04823B9DD0400A53FBB /* SelectVoiceViewController.swift */; };
		84D6C04B23B9DD0400A53FBB /* SelectVoiceViewController.xib in Resources */ = {isa = PBXBuildFile; fileRef = 84D6C04923B9DD0400A53FBB /* SelectVoiceViewController.xib */; };
		84D6C05523B9E51D00A53FBB /* NormalTableViewCell.swift in Sources */ = {isa = PBXBuildFile; fileRef = 84D6C05323B9E51D00A53FBB /* NormalTableViewCell.swift */; };
		84D6C05623B9E51D00A53FBB /* NormalTableViewCell.xib in Resources */ = {isa = PBXBuildFile; fileRef = 84D6C05423B9E51D00A53FBB /* NormalTableViewCell.xib */; };
		84D6C05923B9E5B300A53FBB /* ControlTableViewCell.swift in Sources */ = {isa = PBXBuildFile; fileRef = 84D6C05723B9E5B300A53FBB /* ControlTableViewCell.swift */; };
		84D6C05A23B9E5B300A53FBB /* ControlTableViewCell.xib in Resources */ = {isa = PBXBuildFile; fileRef = 84D6C05823B9E5B300A53FBB /* ControlTableViewCell.xib */; };
		84D6C05E23B9ECEA00A53FBB /* HeaderCell.swift in Sources */ = {isa = PBXBuildFile; fileRef = 84D6C05D23B9ECEA00A53FBB /* HeaderCell.swift */; };
		84D6C06023B9ECF400A53FBB /* HeaderCell.xib in Resources */ = {isa = PBXBuildFile; fileRef = 84D6C05F23B9ECF400A53FBB /* HeaderCell.xib */; };
		BB097446C0284AAEBA404EC5 /* Pods_TextToSpeak.framework in Frameworks */ = {isa = PBXBuildFile; fileRef = 1A6745F8C65CA52352F56ECD /* Pods_TextToSpeak.framework */; };
		DBBA702D23B78F2700BEC38D /* AppDelegate.swift in Sources */ = {isa = PBXBuildFile; fileRef = DBBA702C23B78F2700BEC38D /* AppDelegate.swift */; };
		DBBA703423B78F2800BEC38D /* Assets.xcassets in Resources */ = {isa = PBXBuildFile; fileRef = DBBA703323B78F2800BEC38D /* Assets.xcassets */; };
		DBBA703723B78F2800BEC38D /* LaunchScreen.storyboard in Resources */ = {isa = PBXBuildFile; fileRef = DBBA703523B78F2800BEC38D /* LaunchScreen.storyboard */; };
		DBBA704223B78F2800BEC38D /* TextToSpeakTests.swift in Sources */ = {isa = PBXBuildFile; fileRef = DBBA704123B78F2800BEC38D /* TextToSpeakTests.swift */; };
		DBBA704D23B78F2800BEC38D /* TextToSpeakUITests.swift in Sources */ = {isa = PBXBuildFile; fileRef = DBBA704C23B78F2800BEC38D /* TextToSpeakUITests.swift */; };
		DBBD8D6523BC300C000477A6 /* SpeakModel.swift in Sources */ = {isa = PBXBuildFile; fileRef = DBBD8D6423BC300C000477A6 /* SpeakModel.swift */; };
/* End PBXBuildFile section */

/* Begin PBXContainerItemProxy section */
		DBBA703E23B78F2800BEC38D /* PBXContainerItemProxy */ = {
			isa = PBXContainerItemProxy;
			containerPortal = DBBA702123B78F2700BEC38D /* Project object */;
			proxyType = 1;
			remoteGlobalIDString = DBBA702823B78F2700BEC38D;
			remoteInfo = TextToSpeak;
		};
		DBBA704923B78F2800BEC38D /* PBXContainerItemProxy */ = {
			isa = PBXContainerItemProxy;
			containerPortal = DBBA702123B78F2700BEC38D /* Project object */;
			proxyType = 1;
			remoteGlobalIDString = DBBA702823B78F2700BEC38D;
			remoteInfo = TextToSpeak;
		};
/* End PBXContainerItemProxy section */

/* Begin PBXFileReference section */
		1A6745F8C65CA52352F56ECD /* Pods_TextToSpeak.framework */ = {isa = PBXFileReference; explicitFileType = wrapper.framework; includeInIndex = 0; path = Pods_TextToSpeak.framework; sourceTree = BUILT_PRODUCTS_DIR; };
		256DC9E323BA340A00F77B96 /* ListVoiceViewController.swift */ = {isa = PBXFileReference; lastKnownFileType = sourcecode.swift; path = ListVoiceViewController.swift; sourceTree = "<group>"; };
		256DC9E423BA340A00F77B96 /* ListVoiceViewController.xib */ = {isa = PBXFileReference; lastKnownFileType = file.xib; path = ListVoiceViewController.xib; sourceTree = "<group>"; };
		256DC9EB23BA35E400F77B96 /* VoiceModel.swift */ = {isa = PBXFileReference; fileEncoding = 4; lastKnownFileType = sourcecode.swift; name = VoiceModel.swift; path = TextToSpeak/Model/VoiceModel.swift; sourceTree = SOURCE_ROOT; };
		256DC9EC23BA35E400F77B96 /* SectionVoiceModel.swift */ = {isa = PBXFileReference; fileEncoding = 4; lastKnownFileType = sourcecode.swift; name = SectionVoiceModel.swift; path = TextToSpeak/Model/SectionVoiceModel.swift; sourceTree = SOURCE_ROOT; };
		256DC9EF23BA366500F77B96 /* ListLanguages.swift */ = {isa = PBXFileReference; fileEncoding = 4; lastKnownFileType = sourcecode.swift; path = ListLanguages.swift; sourceTree = "<group>"; };
		256DC9F223BA36B000F77B96 /* SLOVAKIA.swift */ = {isa = PBXFileReference; fileEncoding = 4; lastKnownFileType = sourcecode.swift; path = SLOVAKIA.swift; sourceTree = "<group>"; };
		256DC9F323BA36B000F77B96 /* TURKEY.swift */ = {isa = PBXFileReference; fileEncoding = 4; lastKnownFileType = sourcecode.swift; path = TURKEY.swift; sourceTree = "<group>"; };
		256DC9F423BA36B000F77B96 /* INDIAN.swift */ = {isa = PBXFileReference; fileEncoding = 4; lastKnownFileType = sourcecode.swift; path = INDIAN.swift; sourceTree = "<group>"; };
		256DC9F523BA36B000F77B96 /* KOREAN.swift */ = {isa = PBXFileReference; fileEncoding = 4; lastKnownFileType = sourcecode.swift; path = KOREAN.swift; sourceTree = "<group>"; };
		256DC9F623BA36B000F77B96 /* HUNGARY.swift */ = {isa = PBXFileReference; fileEncoding = 4; lastKnownFileType = sourcecode.swift; path = HUNGARY.swift; sourceTree = "<group>"; };
		256DC9F723BA36B000F77B96 /* ROMANIA.swift */ = {isa = PBXFileReference; fileEncoding = 4; lastKnownFileType = sourcecode.swift; path = ROMANIA.swift; sourceTree = "<group>"; };
		256DC9F823BA36B000F77B96 /* UNITEDKINGDOM.swift */ = {isa = PBXFileReference; fileEncoding = 4; lastKnownFileType = sourcecode.swift; path = UNITEDKINGDOM.swift; sourceTree = "<group>"; };
		256DC9F923BA36B000F77B96 /* UNITEDSTATES.swift */ = {isa = PBXFileReference; fileEncoding = 4; lastKnownFileType = sourcecode.swift; path = UNITEDSTATES.swift; sourceTree = "<group>"; };
		256DC9FA23BA36B000F77B96 /* CANADA.swift */ = {isa = PBXFileReference; fileEncoding = 4; lastKnownFileType = sourcecode.swift; path = CANADA.swift; sourceTree = "<group>"; };
		256DC9FB23BA36B000F77B96 /* BEGIUM.swift */ = {isa = PBXFileReference; fileEncoding = 4; lastKnownFileType = sourcecode.swift; path = BEGIUM.swift; sourceTree = "<group>"; };
		256DC9FC23BA36B000F77B96 /* DANISH.swift */ = {isa = PBXFileReference; fileEncoding = 4; lastKnownFileType = sourcecode.swift; path = DANISH.swift; sourceTree = "<group>"; };
		256DC9FD23BA36B000F77B96 /* IRISH.swift */ = {isa = PBXFileReference; fileEncoding = 4; lastKnownFileType = sourcecode.swift; path = IRISH.swift; sourceTree = "<group>"; };
		256DC9FE23BA36B000F77B96 /* FRANCE.swift */ = {isa = PBXFileReference; fileEncoding = 4; lastKnownFileType = sourcecode.swift; path = FRANCE.swift; sourceTree = "<group>"; };
		256DC9FF23BA36B000F77B96 /* PORTUGAL.swift */ = {isa = PBXFileReference; fileEncoding = 4; lastKnownFileType = sourcecode.swift; path = PORTUGAL.swift; sourceTree = "<group>"; };
		256DCA0023BA36B000F77B96 /* THAILAND.swift */ = {isa = PBXFileReference; fileEncoding = 4; lastKnownFileType = sourcecode.swift; path = THAILAND.swift; sourceTree = "<group>"; };
		256DCA0123BA36B000F77B96 /* CZECK.swift */ = {isa = PBXFileReference; fileEncoding = 4; lastKnownFileType = sourcecode.swift; path = CZECK.swift; sourceTree = "<group>"; };
		256DCA0223BA36B000F77B96 /* HINDI.swift */ = {isa = PBXFileReference; fileEncoding = 4; lastKnownFileType = sourcecode.swift; path = HINDI.swift; sourceTree = "<group>"; };
		256DCA0323BA36B000F77B96 /* INDONESIA.swift */ = {isa = PBXFileReference; fileEncoding = 4; lastKnownFileType = sourcecode.swift; path = INDONESIA.swift; sourceTree = "<group>"; };
		256DCA0423BA36B000F77B96 /* ITALY.swift */ = {isa = PBXFileReference; fileEncoding = 4; lastKnownFileType = sourcecode.swift; path = ITALY.swift; sourceTree = "<group>"; };
		256DCA0523BA36B000F77B96 /* FINLAND.swift */ = {isa = PBXFileReference; fileEncoding = 4; lastKnownFileType = sourcecode.swift; path = FINLAND.swift; sourceTree = "<group>"; };
		256DCA0623BA36B000F77B96 /* HONGKONG.swift */ = {isa = PBXFileReference; fileEncoding = 4; lastKnownFileType = sourcecode.swift; path = HONGKONG.swift; sourceTree = "<group>"; };
		256DCA0723BA36B000F77B96 /* NETHERLANDS.swift */ = {isa = PBXFileReference; fileEncoding = 4; lastKnownFileType = sourcecode.swift; path = NETHERLANDS.swift; sourceTree = "<group>"; };
		256DCA0823BA36B000F77B96 /* BRAZIL.swift */ = {isa = PBXFileReference; fileEncoding = 4; lastKnownFileType = sourcecode.swift; path = BRAZIL.swift; sourceTree = "<group>"; };
		256DCA0923BA36B000F77B96 /* POLAND.swift */ = {isa = PBXFileReference; fileEncoding = 4; lastKnownFileType = sourcecode.swift; path = POLAND.swift; sourceTree = "<group>"; };
		256DCA0A23BA36B000F77B96 /* SAUDIARABIA.swift */ = {isa = PBXFileReference; fileEncoding = 4; lastKnownFileType = sourcecode.swift; path = SAUDIARABIA.swift; sourceTree = "<group>"; };
		256DCA0B23BA36B000F77B96 /* SOUTHAFICA.swift */ = {isa = PBXFileReference; fileEncoding = 4; lastKnownFileType = sourcecode.swift; path = SOUTHAFICA.swift; sourceTree = "<group>"; };
		256DCA0C23BA36B000F77B96 /* GREEK.swift */ = {isa = PBXFileReference; fileEncoding = 4; lastKnownFileType = sourcecode.swift; path = GREEK.swift; sourceTree = "<group>"; };
		256DCA0D23BA36B100F77B96 /* AUSTRALIAN.swift */ = {isa = PBXFileReference; fileEncoding = 4; lastKnownFileType = sourcecode.swift; path = AUSTRALIAN.swift; sourceTree = "<group>"; };
		256DCA0E23BA36B100F77B96 /* CHINA.swift */ = {isa = PBXFileReference; fileEncoding = 4; lastKnownFileType = sourcecode.swift; path = CHINA.swift; sourceTree = "<group>"; };
		256DCA0F23BA36B100F77B96 /* RUSSIAN.swift */ = {isa = PBXFileReference; fileEncoding = 4; lastKnownFileType = sourcecode.swift; path = RUSSIAN.swift; sourceTree = "<group>"; };
		256DCA1023BA36B100F77B96 /* SPAIN.swift */ = {isa = PBXFileReference; fileEncoding = 4; lastKnownFileType = sourcecode.swift; path = SPAIN.swift; sourceTree = "<group>"; };
		256DCA1123BA36B100F77B96 /* GERMAN.swift */ = {isa = PBXFileReference; fileEncoding = 4; lastKnownFileType = sourcecode.swift; path = GERMAN.swift; sourceTree = "<group>"; };
		256DCA1223BA36B100F77B96 /* ISRAEL.swift */ = {isa = PBXFileReference; fileEncoding = 4; lastKnownFileType = sourcecode.swift; path = ISRAEL.swift; sourceTree = "<group>"; };
		256DCA1323BA36B100F77B96 /* SWEDEN.swift */ = {isa = PBXFileReference; fileEncoding = 4; lastKnownFileType = sourcecode.swift; path = SWEDEN.swift; sourceTree = "<group>"; };
		256DCA1423BA36B100F77B96 /* TAIWAN.swift */ = {isa = PBXFileReference; fileEncoding = 4; lastKnownFileType = sourcecode.swift; path = TAIWAN.swift; sourceTree = "<group>"; };
		256DCA1523BA36B100F77B96 /* JAPAN.swift */ = {isa = PBXFileReference; fileEncoding = 4; lastKnownFileType = sourcecode.swift; path = JAPAN.swift; sourceTree = "<group>"; };
		256DCA1623BA36B100F77B96 /* MEXICO.swift */ = {isa = PBXFileReference; fileEncoding = 4; lastKnownFileType = sourcecode.swift; path = MEXICO.swift; sourceTree = "<group>"; };
		256DCA1723BA36B100F77B96 /* NORWAY.swift */ = {isa = PBXFileReference; fileEncoding = 4; lastKnownFileType = sourcecode.swift; path = NORWAY.swift; sourceTree = "<group>"; };
		256DCA3F23BA3AE200F77B96 /* ListVoiceCell.swift */ = {isa = PBXFileReference; lastKnownFileType = sourcecode.swift; path = ListVoiceCell.swift; sourceTree = "<group>"; };
		256DCA4023BA3AE200F77B96 /* ListVoiceCell.xib */ = {isa = PBXFileReference; lastKnownFileType = file.xib; path = ListVoiceCell.xib; sourceTree = "<group>"; };
		3A3B84E2CFCBE25E07A5835A /* Pods-TextToSpeakTests.release.xcconfig */ = {isa = PBXFileReference; includeInIndex = 1; lastKnownFileType = text.xcconfig; name = "Pods-TextToSpeakTests.release.xcconfig"; path = "Target Support Files/Pods-TextToSpeakTests/Pods-TextToSpeakTests.release.xcconfig"; sourceTree = "<group>"; };
		4B3E3C461083C65619026F32 /* Pods_TextToSpeakTests.framework */ = {isa = PBXFileReference; explicitFileType = wrapper.framework; includeInIndex = 0; path = Pods_TextToSpeakTests.framework; sourceTree = BUILT_PRODUCTS_DIR; };
		60405A8935C8122FFE0D0EFE /* Pods-TextToSpeak-TextToSpeakUITests.debug.xcconfig */ = {isa = PBXFileReference; includeInIndex = 1; lastKnownFileType = text.xcconfig; name = "Pods-TextToSpeak-TextToSpeakUITests.debug.xcconfig"; path = "Target Support Files/Pods-TextToSpeak-TextToSpeakUITests/Pods-TextToSpeak-TextToSpeakUITests.debug.xcconfig"; sourceTree = "<group>"; };
		7C6D45B48411F0A77AF180AF /* Pods-TextToSpeak.debug.xcconfig */ = {isa = PBXFileReference; includeInIndex = 1; lastKnownFileType = text.xcconfig; name = "Pods-TextToSpeak.debug.xcconfig"; path = "Target Support Files/Pods-TextToSpeak/Pods-TextToSpeak.debug.xcconfig"; sourceTree = "<group>"; };
		84D6C01823B993ED00A53FBB /* TextViewController.swift */ = {isa = PBXFileReference; lastKnownFileType = sourcecode.swift; path = TextViewController.swift; sourceTree = "<group>"; };
		84D6C01923B993ED00A53FBB /* TextViewController.xib */ = {isa = PBXFileReference; lastKnownFileType = file.xib; path = TextViewController.xib; sourceTree = "<group>"; };
		84D6C01C23B993FB00A53FBB /* SettingViewController.swift */ = {isa = PBXFileReference; lastKnownFileType = sourcecode.swift; path = SettingViewController.swift; sourceTree = "<group>"; };
		84D6C01D23B993FB00A53FBB /* SettingViewController.xib */ = {isa = PBXFileReference; lastKnownFileType = file.xib; path = SettingViewController.xib; sourceTree = "<group>"; };
		84D6C02023B9940800A53FBB /* StarViewController.swift */ = {isa = PBXFileReference; lastKnownFileType = sourcecode.swift; path = StarViewController.swift; sourceTree = "<group>"; };
		84D6C02123B9940800A53FBB /* StarViewController.xib */ = {isa = PBXFileReference; lastKnownFileType = file.xib; path = StarViewController.xib; sourceTree = "<group>"; };
		84D6C02623B995AC00A53FBB /* BaseViewXib.swift */ = {isa = PBXFileReference; lastKnownFileType = sourcecode.swift; path = BaseViewXib.swift; sourceTree = "<group>"; };
		84D6C02923B995EA00A53FBB /* UIView+Extention.swift */ = {isa = PBXFileReference; lastKnownFileType = sourcecode.swift; path = "UIView+Extention.swift"; sourceTree = "<group>"; };
		84D6C02D23B9963300A53FBB /* ControlBar.swift */ = {isa = PBXFileReference; lastKnownFileType = sourcecode.swift; path = ControlBar.swift; sourceTree = "<group>"; };
		84D6C02F23B9964700A53FBB /* ControlBar.xib */ = {isa = PBXFileReference; lastKnownFileType = file.xib; path = ControlBar.xib; sourceTree = "<group>"; };
		84D6C03123B998B200A53FBB /* BaseViewController.swift */ = {isa = PBXFileReference; lastKnownFileType = sourcecode.swift; path = BaseViewController.swift; sourceTree = "<group>"; };
		84D6C03423B99B0A00A53FBB /* AppConstant.swift */ = {isa = PBXFileReference; lastKnownFileType = sourcecode.swift; path = AppConstant.swift; sourceTree = "<group>"; };
		84D6C03723B99FED00A53FBB /* UserDefaultHelper.swift */ = {isa = PBXFileReference; lastKnownFileType = sourcecode.swift; path = UserDefaultHelper.swift; sourceTree = "<group>"; };
		84D6C03B23B9A1DF00A53FBB /* String+Extention.swift */ = {isa = PBXFileReference; lastKnownFileType = sourcecode.swift; path = "String+Extention.swift"; sourceTree = "<group>"; };
		84D6C03E23B9A64E00A53FBB /* TextTableViewCell.swift */ = {isa = PBXFileReference; lastKnownFileType = sourcecode.swift; path = TextTableViewCell.swift; sourceTree = "<group>"; };
		84D6C03F23B9A64E00A53FBB /* TextTableViewCell.xib */ = {isa = PBXFileReference; lastKnownFileType = file.xib; path = TextTableViewCell.xib; sourceTree = "<group>"; };
		84D6C04223B9A66700A53FBB /* UITableView+Extention.swift */ = {isa = PBXFileReference; lastKnownFileType = sourcecode.swift; path = "UITableView+Extention.swift"; sourceTree = "<group>"; };
		84D6C04523B9ABAD00A53FBB /* HistoryModel.swift */ = {isa = PBXFileReference; lastKnownFileType = sourcecode.swift; path = HistoryModel.swift; sourceTree = "<group>"; };
		84D6C04823B9DD0400A53FBB /* SelectVoiceViewController.swift */ = {isa = PBXFileReference; lastKnownFileType = sourcecode.swift; path = SelectVoiceViewController.swift; sourceTree = "<group>"; };
		84D6C04923B9DD0400A53FBB /* SelectVoiceViewController.xib */ = {isa = PBXFileReference; lastKnownFileType = file.xib; path = SelectVoiceViewController.xib; sourceTree = "<group>"; };
		84D6C05323B9E51D00A53FBB /* NormalTableViewCell.swift */ = {isa = PBXFileReference; lastKnownFileType = sourcecode.swift; path = NormalTableViewCell.swift; sourceTree = "<group>"; };
		84D6C05423B9E51D00A53FBB /* NormalTableViewCell.xib */ = {isa = PBXFileReference; lastKnownFileType = file.xib; path = NormalTableViewCell.xib; sourceTree = "<group>"; };
		84D6C05723B9E5B300A53FBB /* ControlTableViewCell.swift */ = {isa = PBXFileReference; lastKnownFileType = sourcecode.swift; path = ControlTableViewCell.swift; sourceTree = "<group>"; };
		84D6C05823B9E5B300A53FBB /* ControlTableViewCell.xib */ = {isa = PBXFileReference; lastKnownFileType = file.xib; path = ControlTableViewCell.xib; sourceTree = "<group>"; };
		84D6C05D23B9ECEA00A53FBB /* HeaderCell.swift */ = {isa = PBXFileReference; lastKnownFileType = sourcecode.swift; path = HeaderCell.swift; sourceTree = "<group>"; };
		84D6C05F23B9ECF400A53FBB /* HeaderCell.xib */ = {isa = PBXFileReference; lastKnownFileType = file.xib; path = HeaderCell.xib; sourceTree = "<group>"; };
		A0336CAA4AB437A6C45D939B /* Pods-TextToSpeak-TextToSpeakUITests.release.xcconfig */ = {isa = PBXFileReference; includeInIndex = 1; lastKnownFileType = text.xcconfig; name = "Pods-TextToSpeak-TextToSpeakUITests.release.xcconfig"; path = "Target Support Files/Pods-TextToSpeak-TextToSpeakUITests/Pods-TextToSpeak-TextToSpeakUITests.release.xcconfig"; sourceTree = "<group>"; };
		DBBA702923B78F2700BEC38D /* TextToSpeak.app */ = {isa = PBXFileReference; explicitFileType = wrapper.application; includeInIndex = 0; path = TextToSpeak.app; sourceTree = BUILT_PRODUCTS_DIR; };
		DBBA702C23B78F2700BEC38D /* AppDelegate.swift */ = {isa = PBXFileReference; lastKnownFileType = sourcecode.swift; path = AppDelegate.swift; sourceTree = "<group>"; };
		DBBA703323B78F2800BEC38D /* Assets.xcassets */ = {isa = PBXFileReference; lastKnownFileType = folder.assetcatalog; path = Assets.xcassets; sourceTree = "<group>"; };
		DBBA703623B78F2800BEC38D /* Base */ = {isa = PBXFileReference; lastKnownFileType = file.storyboard; name = Base; path = Base.lproj/LaunchScreen.storyboard; sourceTree = "<group>"; };
		DBBA703823B78F2800BEC38D /* Info.plist */ = {isa = PBXFileReference; lastKnownFileType = text.plist.xml; path = Info.plist; sourceTree = "<group>"; };
		DBBA703D23B78F2800BEC38D /* TextToSpeakTests.xctest */ = {isa = PBXFileReference; explicitFileType = wrapper.cfbundle; includeInIndex = 0; path = TextToSpeakTests.xctest; sourceTree = BUILT_PRODUCTS_DIR; };
		DBBA704123B78F2800BEC38D /* TextToSpeakTests.swift */ = {isa = PBXFileReference; lastKnownFileType = sourcecode.swift; path = TextToSpeakTests.swift; sourceTree = "<group>"; };
		DBBA704323B78F2800BEC38D /* Info.plist */ = {isa = PBXFileReference; lastKnownFileType = text.plist.xml; path = Info.plist; sourceTree = "<group>"; };
		DBBA704823B78F2800BEC38D /* TextToSpeakUITests.xctest */ = {isa = PBXFileReference; explicitFileType = wrapper.cfbundle; includeInIndex = 0; path = TextToSpeakUITests.xctest; sourceTree = BUILT_PRODUCTS_DIR; };
		DBBA704C23B78F2800BEC38D /* TextToSpeakUITests.swift */ = {isa = PBXFileReference; lastKnownFileType = sourcecode.swift; path = TextToSpeakUITests.swift; sourceTree = "<group>"; };
		DBBA704E23B78F2800BEC38D /* Info.plist */ = {isa = PBXFileReference; lastKnownFileType = text.plist.xml; path = Info.plist; sourceTree = "<group>"; };
		DBBD8D6423BC300C000477A6 /* SpeakModel.swift */ = {isa = PBXFileReference; lastKnownFileType = sourcecode.swift; path = SpeakModel.swift; sourceTree = "<group>"; };
		DD7FEFB3535C64B24B762C34 /* Pods-TextToSpeak.release.xcconfig */ = {isa = PBXFileReference; includeInIndex = 1; lastKnownFileType = text.xcconfig; name = "Pods-TextToSpeak.release.xcconfig"; path = "Target Support Files/Pods-TextToSpeak/Pods-TextToSpeak.release.xcconfig"; sourceTree = "<group>"; };
		F6478A69D60720D103F82F4A /* Pods-TextToSpeakTests.debug.xcconfig */ = {isa = PBXFileReference; includeInIndex = 1; lastKnownFileType = text.xcconfig; name = "Pods-TextToSpeakTests.debug.xcconfig"; path = "Target Support Files/Pods-TextToSpeakTests/Pods-TextToSpeakTests.debug.xcconfig"; sourceTree = "<group>"; };
		FFC08827558FAE4C0CE5395A /* Pods_TextToSpeak_TextToSpeakUITests.framework */ = {isa = PBXFileReference; explicitFileType = wrapper.framework; includeInIndex = 0; path = Pods_TextToSpeak_TextToSpeakUITests.framework; sourceTree = BUILT_PRODUCTS_DIR; };
/* End PBXFileReference section */

/* Begin PBXFrameworksBuildPhase section */
		DBBA702623B78F2700BEC38D /* Frameworks */ = {
			isa = PBXFrameworksBuildPhase;
			buildActionMask = 2147483647;
			files = (
				BB097446C0284AAEBA404EC5 /* Pods_TextToSpeak.framework in Frameworks */,
			);
			runOnlyForDeploymentPostprocessing = 0;
		};
		DBBA703A23B78F2800BEC38D /* Frameworks */ = {
			isa = PBXFrameworksBuildPhase;
			buildActionMask = 2147483647;
			files = (
				76DB2C5D82CA226805B5D657 /* Pods_TextToSpeakTests.framework in Frameworks */,
			);
			runOnlyForDeploymentPostprocessing = 0;
		};
		DBBA704523B78F2800BEC38D /* Frameworks */ = {
			isa = PBXFrameworksBuildPhase;
			buildActionMask = 2147483647;
			files = (
				75A479AE99310317994582C7 /* Pods_TextToSpeak_TextToSpeakUITests.framework in Frameworks */,
			);
			runOnlyForDeploymentPostprocessing = 0;
		};
/* End PBXFrameworksBuildPhase section */

/* Begin PBXGroup section */
		256DC9E223BA332D00F77B96 /* ListVoiceViewController */ = {
			isa = PBXGroup;
			children = (
				256DC9E323BA340A00F77B96 /* ListVoiceViewController.swift */,
				256DC9E423BA340A00F77B96 /* ListVoiceViewController.xib */,
			);
			path = ListVoiceViewController;
			sourceTree = "<group>";
		};
		256DC9F123BA369300F77B96 /* ListVoices */ = {
			isa = PBXGroup;
			children = (
				256DCA0D23BA36B100F77B96 /* AUSTRALIAN.swift */,
				256DC9FB23BA36B000F77B96 /* BEGIUM.swift */,
				256DCA0823BA36B000F77B96 /* BRAZIL.swift */,
				256DC9FA23BA36B000F77B96 /* CANADA.swift */,
				256DCA0E23BA36B100F77B96 /* CHINA.swift */,
				256DCA0123BA36B000F77B96 /* CZECK.swift */,
				256DC9FC23BA36B000F77B96 /* DANISH.swift */,
				256DCA0523BA36B000F77B96 /* FINLAND.swift */,
				256DC9FE23BA36B000F77B96 /* FRANCE.swift */,
				256DCA1123BA36B100F77B96 /* GERMAN.swift */,
				256DCA0C23BA36B000F77B96 /* GREEK.swift */,
				256DCA0223BA36B000F77B96 /* HINDI.swift */,
				256DCA0623BA36B000F77B96 /* HONGKONG.swift */,
				256DC9F623BA36B000F77B96 /* HUNGARY.swift */,
				256DC9F423BA36B000F77B96 /* INDIAN.swift */,
				256DCA0323BA36B000F77B96 /* INDONESIA.swift */,
				256DC9FD23BA36B000F77B96 /* IRISH.swift */,
				256DCA1223BA36B100F77B96 /* ISRAEL.swift */,
				256DCA0423BA36B000F77B96 /* ITALY.swift */,
				256DCA1523BA36B100F77B96 /* JAPAN.swift */,
				256DC9F523BA36B000F77B96 /* KOREAN.swift */,
				256DCA1623BA36B100F77B96 /* MEXICO.swift */,
				256DCA0723BA36B000F77B96 /* NETHERLANDS.swift */,
				256DCA1723BA36B100F77B96 /* NORWAY.swift */,
				256DCA0923BA36B000F77B96 /* POLAND.swift */,
				256DC9FF23BA36B000F77B96 /* PORTUGAL.swift */,
				256DC9F723BA36B000F77B96 /* ROMANIA.swift */,
				256DCA0F23BA36B100F77B96 /* RUSSIAN.swift */,
				256DCA0A23BA36B000F77B96 /* SAUDIARABIA.swift */,
				256DC9F223BA36B000F77B96 /* SLOVAKIA.swift */,
				256DCA0B23BA36B000F77B96 /* SOUTHAFICA.swift */,
				256DCA1023BA36B100F77B96 /* SPAIN.swift */,
				256DCA1323BA36B100F77B96 /* SWEDEN.swift */,
				256DCA1423BA36B100F77B96 /* TAIWAN.swift */,
				256DCA0023BA36B000F77B96 /* THAILAND.swift */,
				256DC9F323BA36B000F77B96 /* TURKEY.swift */,
				256DC9F823BA36B000F77B96 /* UNITEDKINGDOM.swift */,
				256DC9F923BA36B000F77B96 /* UNITEDSTATES.swift */,
			);
			path = ListVoices;
			sourceTree = "<group>";
		};
		256DCA3E23BA3AC100F77B96 /* ListVoiceCell */ = {
			isa = PBXGroup;
			children = (
				256DCA3F23BA3AE200F77B96 /* ListVoiceCell.swift */,
				256DCA4023BA3AE200F77B96 /* ListVoiceCell.xib */,
			);
			path = ListVoiceCell;
			sourceTree = "<group>";
		};
		4E2C1525FD2C08E2EE681C0A /* Pods */ = {
			isa = PBXGroup;
			children = (
				7C6D45B48411F0A77AF180AF /* Pods-TextToSpeak.debug.xcconfig */,
				DD7FEFB3535C64B24B762C34 /* Pods-TextToSpeak.release.xcconfig */,
				60405A8935C8122FFE0D0EFE /* Pods-TextToSpeak-TextToSpeakUITests.debug.xcconfig */,
				A0336CAA4AB437A6C45D939B /* Pods-TextToSpeak-TextToSpeakUITests.release.xcconfig */,
				F6478A69D60720D103F82F4A /* Pods-TextToSpeakTests.debug.xcconfig */,
				3A3B84E2CFCBE25E07A5835A /* Pods-TextToSpeakTests.release.xcconfig */,
			);
			path = Pods;
			sourceTree = "<group>";
		};
		51E7DA25DDC8D470885C2C98 /* Frameworks */ = {
			isa = PBXGroup;
			children = (
				1A6745F8C65CA52352F56ECD /* Pods_TextToSpeak.framework */,
				FFC08827558FAE4C0CE5395A /* Pods_TextToSpeak_TextToSpeakUITests.framework */,
				4B3E3C461083C65619026F32 /* Pods_TextToSpeakTests.framework */,
			);
			name = Frameworks;
			sourceTree = "<group>";
		};
		84D6C01323B9939B00A53FBB /* Controllers */ = {
			isa = PBXGroup;
			children = (
				84D6C01723B993C000A53FBB /* Star */,
				84D6C01623B993BA00A53FBB /* Setting */,
				84D6C01423B993A700A53FBB /* Text */,
			);
			path = Controllers;
			sourceTree = "<group>";
		};
		84D6C01423B993A700A53FBB /* Text */ = {
			isa = PBXGroup;
			children = (
				84D6C03D23B9A62900A53FBB /* Cell */,
				84D6C01823B993ED00A53FBB /* TextViewController.swift */,
				84D6C01923B993ED00A53FBB /* TextViewController.xib */,
			);
			path = Text;
			sourceTree = "<group>";
		};
		84D6C01623B993BA00A53FBB /* Setting */ = {
			isa = PBXGroup;
			children = (
				256DC9E223BA332D00F77B96 /* ListVoiceViewController */,
				84D6C04C23B9E42900A53FBB /* Cell */,
				84D6C04723B9DCE100A53FBB /* SelectVoice */,
				84D6C01C23B993FB00A53FBB /* SettingViewController.swift */,
				84D6C01D23B993FB00A53FBB /* SettingViewController.xib */,
			);
			path = Setting;
			sourceTree = "<group>";
		};
		84D6C01723B993C000A53FBB /* Star */ = {
			isa = PBXGroup;
			children = (
				84D6C02023B9940800A53FBB /* StarViewController.swift */,
				84D6C02123B9940800A53FBB /* StarViewController.xib */,
			);
			path = Star;
			sourceTree = "<group>";
		};
		84D6C02423B9958000A53FBB /* Components */ = {
			isa = PBXGroup;
			children = (
				84D6C03623B99FDA00A53FBB /* Helper */,
				84D6C02B23B9960600A53FBB /* CustomView */,
				84D6C02823B995D900A53FBB /* Extentions */,
				84D6C02523B9958B00A53FBB /* Base */,
			);
			path = Components;
			sourceTree = "<group>";
		};
		84D6C02523B9958B00A53FBB /* Base */ = {
			isa = PBXGroup;
			children = (
				84D6C02623B995AC00A53FBB /* BaseViewXib.swift */,
				84D6C03123B998B200A53FBB /* BaseViewController.swift */,
			);
			path = Base;
			sourceTree = "<group>";
		};
		84D6C02823B995D900A53FBB /* Extentions */ = {
			isa = PBXGroup;
			children = (
				84D6C02923B995EA00A53FBB /* UIView+Extention.swift */,
				84D6C03B23B9A1DF00A53FBB /* String+Extention.swift */,
				84D6C04223B9A66700A53FBB /* UITableView+Extention.swift */,
			);
			path = Extentions;
			sourceTree = "<group>";
		};
		84D6C02B23B9960600A53FBB /* CustomView */ = {
			isa = PBXGroup;
			children = (
				84D6C02C23B9961600A53FBB /* ControlBar */,
			);
			path = CustomView;
			sourceTree = "<group>";
		};
		84D6C02C23B9961600A53FBB /* ControlBar */ = {
			isa = PBXGroup;
			children = (
				84D6C02D23B9963300A53FBB /* ControlBar.swift */,
				84D6C02F23B9964700A53FBB /* ControlBar.xib */,
			);
			path = ControlBar;
			sourceTree = "<group>";
		};
		84D6C03323B99AFB00A53FBB /* Constant */ = {
			isa = PBXGroup;
			children = (
				256DC9EF23BA366500F77B96 /* ListLanguages.swift */,
				84D6C03423B99B0A00A53FBB /* AppConstant.swift */,
			);
			path = Constant;
			sourceTree = "<group>";
		};
		84D6C03623B99FDA00A53FBB /* Helper */ = {
			isa = PBXGroup;
			children = (
				84D6C03723B99FED00A53FBB /* UserDefaultHelper.swift */,
			);
			path = Helper;
			sourceTree = "<group>";
		};
		84D6C03D23B9A62900A53FBB /* Cell */ = {
			isa = PBXGroup;
			children = (
				84D6C03E23B9A64E00A53FBB /* TextTableViewCell.swift */,
				84D6C03F23B9A64E00A53FBB /* TextTableViewCell.xib */,
			);
			path = Cell;
			sourceTree = "<group>";
		};
		84D6C04423B9ABA000A53FBB /* Model */ = {
			isa = PBXGroup;
			children = (
				256DC9EC23BA35E400F77B96 /* SectionVoiceModel.swift */,
				256DC9EB23BA35E400F77B96 /* VoiceModel.swift */,
				84D6C04523B9ABAD00A53FBB /* HistoryModel.swift */,
				DBBD8D6423BC300C000477A6 /* SpeakModel.swift */,
			);
			path = Model;
			sourceTree = "<group>";
		};
		84D6C04723B9DCE100A53FBB /* SelectVoice */ = {
			isa = PBXGroup;
			children = (
				84D6C04823B9DD0400A53FBB /* SelectVoiceViewController.swift */,
				84D6C04923B9DD0400A53FBB /* SelectVoiceViewController.xib */,
			);
			path = SelectVoice;
			sourceTree = "<group>";
		};
		84D6C04C23B9E42900A53FBB /* Cell */ = {
			isa = PBXGroup;
			children = (
				256DCA3E23BA3AC100F77B96 /* ListVoiceCell */,
				84D6C05C23B9ECDC00A53FBB /* HeaderCell */,
				84D6C04E23B9E43900A53FBB /* ControlCell */,
				84D6C04D23B9E43200A53FBB /* NormalCell */,
			);
			path = Cell;
			sourceTree = "<group>";
		};
		84D6C04D23B9E43200A53FBB /* NormalCell */ = {
			isa = PBXGroup;
			children = (
				84D6C05323B9E51D00A53FBB /* NormalTableViewCell.swift */,
				84D6C05423B9E51D00A53FBB /* NormalTableViewCell.xib */,
			);
			path = NormalCell;
			sourceTree = "<group>";
		};
		84D6C04E23B9E43900A53FBB /* ControlCell */ = {
			isa = PBXGroup;
			children = (
				84D6C05723B9E5B300A53FBB /* ControlTableViewCell.swift */,
				84D6C05823B9E5B300A53FBB /* ControlTableViewCell.xib */,
			);
			path = ControlCell;
			sourceTree = "<group>";
		};
		84D6C05C23B9ECDC00A53FBB /* HeaderCell */ = {
			isa = PBXGroup;
			children = (
				84D6C05D23B9ECEA00A53FBB /* HeaderCell.swift */,
				84D6C05F23B9ECF400A53FBB /* HeaderCell.xib */,
			);
			path = HeaderCell;
			sourceTree = "<group>";
		};
		DBBA702023B78F2700BEC38D = {
			isa = PBXGroup;
			children = (
				DBBA702B23B78F2700BEC38D /* TextToSpeak */,
				DBBA704023B78F2800BEC38D /* TextToSpeakTests */,
				DBBA704B23B78F2800BEC38D /* TextToSpeakUITests */,
				DBBA702A23B78F2700BEC38D /* Products */,
				4E2C1525FD2C08E2EE681C0A /* Pods */,
				51E7DA25DDC8D470885C2C98 /* Frameworks */,
			);
			sourceTree = "<group>";
		};
		DBBA702A23B78F2700BEC38D /* Products */ = {
			isa = PBXGroup;
			children = (
				DBBA702923B78F2700BEC38D /* TextToSpeak.app */,
				DBBA703D23B78F2800BEC38D /* TextToSpeakTests.xctest */,
				DBBA704823B78F2800BEC38D /* TextToSpeakUITests.xctest */,
			);
			name = Products;
			sourceTree = "<group>";
		};
		DBBA702B23B78F2700BEC38D /* TextToSpeak */ = {
			isa = PBXGroup;
			children = (
				DBBA702C23B78F2700BEC38D /* AppDelegate.swift */,
				256DC9F123BA369300F77B96 /* ListVoices */,
				84D6C04423B9ABA000A53FBB /* Model */,
				84D6C03323B99AFB00A53FBB /* Constant */,
				84D6C02423B9958000A53FBB /* Components */,
				84D6C01323B9939B00A53FBB /* Controllers */,
				DBBA703323B78F2800BEC38D /* Assets.xcassets */,
				DBBA703523B78F2800BEC38D /* LaunchScreen.storyboard */,
				DBBA703823B78F2800BEC38D /* Info.plist */,
			);
			path = TextToSpeak;
			sourceTree = "<group>";
		};
		DBBA704023B78F2800BEC38D /* TextToSpeakTests */ = {
			isa = PBXGroup;
			children = (
				DBBA704123B78F2800BEC38D /* TextToSpeakTests.swift */,
				DBBA704323B78F2800BEC38D /* Info.plist */,
			);
			path = TextToSpeakTests;
			sourceTree = "<group>";
		};
		DBBA704B23B78F2800BEC38D /* TextToSpeakUITests */ = {
			isa = PBXGroup;
			children = (
				DBBA704C23B78F2800BEC38D /* TextToSpeakUITests.swift */,
				DBBA704E23B78F2800BEC38D /* Info.plist */,
			);
			path = TextToSpeakUITests;
			sourceTree = "<group>";
		};
/* End PBXGroup section */

/* Begin PBXNativeTarget section */
		DBBA702823B78F2700BEC38D /* TextToSpeak */ = {
			isa = PBXNativeTarget;
			buildConfigurationList = DBBA705123B78F2800BEC38D /* Build configuration list for PBXNativeTarget "TextToSpeak" */;
			buildPhases = (
				E963D454AB67CFF4C07F59B0 /* [CP] Check Pods Manifest.lock */,
				DBBA702523B78F2700BEC38D /* Sources */,
				DBBA702623B78F2700BEC38D /* Frameworks */,
				DBBA702723B78F2700BEC38D /* Resources */,
				9962808B710CC70B9C010CBA /* [CP] Embed Pods Frameworks */,
			);
			buildRules = (
			);
			dependencies = (
			);
			name = TextToSpeak;
			productName = TextToSpeak;
			productReference = DBBA702923B78F2700BEC38D /* TextToSpeak.app */;
			productType = "com.apple.product-type.application";
		};
		DBBA703C23B78F2800BEC38D /* TextToSpeakTests */ = {
			isa = PBXNativeTarget;
			buildConfigurationList = DBBA705423B78F2800BEC38D /* Build configuration list for PBXNativeTarget "TextToSpeakTests" */;
			buildPhases = (
				8322B451F47C39E2A863456C /* [CP] Check Pods Manifest.lock */,
				DBBA703923B78F2800BEC38D /* Sources */,
				DBBA703A23B78F2800BEC38D /* Frameworks */,
				DBBA703B23B78F2800BEC38D /* Resources */,
			);
			buildRules = (
			);
			dependencies = (
				DBBA703F23B78F2800BEC38D /* PBXTargetDependency */,
			);
			name = TextToSpeakTests;
			productName = TextToSpeakTests;
			productReference = DBBA703D23B78F2800BEC38D /* TextToSpeakTests.xctest */;
			productType = "com.apple.product-type.bundle.unit-test";
		};
		DBBA704723B78F2800BEC38D /* TextToSpeakUITests */ = {
			isa = PBXNativeTarget;
			buildConfigurationList = DBBA705723B78F2800BEC38D /* Build configuration list for PBXNativeTarget "TextToSpeakUITests" */;
			buildPhases = (
				309E634F854FFB391E493982 /* [CP] Check Pods Manifest.lock */,
				DBBA704423B78F2800BEC38D /* Sources */,
				DBBA704523B78F2800BEC38D /* Frameworks */,
				DBBA704623B78F2800BEC38D /* Resources */,
				BD61ED776A7FCBD4444550D0 /* [CP] Embed Pods Frameworks */,
			);
			buildRules = (
			);
			dependencies = (
				DBBA704A23B78F2800BEC38D /* PBXTargetDependency */,
			);
			name = TextToSpeakUITests;
			productName = TextToSpeakUITests;
			productReference = DBBA704823B78F2800BEC38D /* TextToSpeakUITests.xctest */;
			productType = "com.apple.product-type.bundle.ui-testing";
		};
/* End PBXNativeTarget section */

/* Begin PBXProject section */
		DBBA702123B78F2700BEC38D /* Project object */ = {
			isa = PBXProject;
			attributes = {
				LastSwiftUpdateCheck = 1030;
				LastUpgradeCheck = 1030;
				ORGANIZATIONNAME = SangNX;
				TargetAttributes = {
					DBBA702823B78F2700BEC38D = {
						CreatedOnToolsVersion = 10.3;
					};
					DBBA703C23B78F2800BEC38D = {
						CreatedOnToolsVersion = 10.3;
						TestTargetID = DBBA702823B78F2700BEC38D;
					};
					DBBA704723B78F2800BEC38D = {
						CreatedOnToolsVersion = 10.3;
						TestTargetID = DBBA702823B78F2700BEC38D;
					};
				};
			};
			buildConfigurationList = DBBA702423B78F2700BEC38D /* Build configuration list for PBXProject "TextToSpeak" */;
			compatibilityVersion = "Xcode 9.3";
			developmentRegion = en;
			hasScannedForEncodings = 0;
			knownRegions = (
				en,
				Base,
			);
			mainGroup = DBBA702023B78F2700BEC38D;
			productRefGroup = DBBA702A23B78F2700BEC38D /* Products */;
			projectDirPath = "";
			projectRoot = "";
			targets = (
				DBBA702823B78F2700BEC38D /* TextToSpeak */,
				DBBA703C23B78F2800BEC38D /* TextToSpeakTests */,
				DBBA704723B78F2800BEC38D /* TextToSpeakUITests */,
			);
		};
/* End PBXProject section */

/* Begin PBXResourcesBuildPhase section */
		DBBA702723B78F2700BEC38D /* Resources */ = {
			isa = PBXResourcesBuildPhase;
			buildActionMask = 2147483647;
			files = (
				DBBA703723B78F2800BEC38D /* LaunchScreen.storyboard in Resources */,
				84D6C03023B9964700A53FBB /* ControlBar.xib in Resources */,
				256DCA4223BA3AE200F77B96 /* ListVoiceCell.xib in Resources */,
				84D6C04123B9A64E00A53FBB /* TextTableViewCell.xib in Resources */,
				84D6C04B23B9DD0400A53FBB /* SelectVoiceViewController.xib in Resources */,
				84D6C01F23B993FB00A53FBB /* SettingViewController.xib in Resources */,
				256DC9E623BA340A00F77B96 /* ListVoiceViewController.xib in Resources */,
				84D6C05623B9E51D00A53FBB /* NormalTableViewCell.xib in Resources */,
				84D6C02323B9940800A53FBB /* StarViewController.xib in Resources */,
				DBBA703423B78F2800BEC38D /* Assets.xcassets in Resources */,
				84D6C01B23B993ED00A53FBB /* TextViewController.xib in Resources */,
				84D6C05A23B9E5B300A53FBB /* ControlTableViewCell.xib in Resources */,
				84D6C06023B9ECF400A53FBB /* HeaderCell.xib in Resources */,
			);
			runOnlyForDeploymentPostprocessing = 0;
		};
		DBBA703B23B78F2800BEC38D /* Resources */ = {
			isa = PBXResourcesBuildPhase;
			buildActionMask = 2147483647;
			files = (
			);
			runOnlyForDeploymentPostprocessing = 0;
		};
		DBBA704623B78F2800BEC38D /* Resources */ = {
			isa = PBXResourcesBuildPhase;
			buildActionMask = 2147483647;
			files = (
			);
			runOnlyForDeploymentPostprocessing = 0;
		};
/* End PBXResourcesBuildPhase section */

/* Begin PBXShellScriptBuildPhase section */
		309E634F854FFB391E493982 /* [CP] Check Pods Manifest.lock */ = {
			isa = PBXShellScriptBuildPhase;
			buildActionMask = 2147483647;
			files = (
			);
			inputFileListPaths = (
			);
			inputPaths = (
				"${PODS_PODFILE_DIR_PATH}/Podfile.lock",
				"${PODS_ROOT}/Manifest.lock",
			);
			name = "[CP] Check Pods Manifest.lock";
			outputFileListPaths = (
			);
			outputPaths = (
				"$(DERIVED_FILE_DIR)/Pods-TextToSpeak-TextToSpeakUITests-checkManifestLockResult.txt",
			);
			runOnlyForDeploymentPostprocessing = 0;
			shellPath = /bin/sh;
			shellScript = "diff \"${PODS_PODFILE_DIR_PATH}/Podfile.lock\" \"${PODS_ROOT}/Manifest.lock\" > /dev/null\nif [ $? != 0 ] ; then\n    # print error to STDERR\n    echo \"error: The sandbox is not in sync with the Podfile.lock. Run 'pod install' or update your CocoaPods installation.\" >&2\n    exit 1\nfi\n# This output is used by Xcode 'outputs' to avoid re-running this script phase.\necho \"SUCCESS\" > \"${SCRIPT_OUTPUT_FILE_0}\"\n";
			showEnvVarsInLog = 0;
		};
		8322B451F47C39E2A863456C /* [CP] Check Pods Manifest.lock */ = {
			isa = PBXShellScriptBuildPhase;
			buildActionMask = 2147483647;
			files = (
			);
			inputFileListPaths = (
			);
			inputPaths = (
				"${PODS_PODFILE_DIR_PATH}/Podfile.lock",
				"${PODS_ROOT}/Manifest.lock",
			);
			name = "[CP] Check Pods Manifest.lock";
			outputFileListPaths = (
			);
			outputPaths = (
				"$(DERIVED_FILE_DIR)/Pods-TextToSpeakTests-checkManifestLockResult.txt",
			);
			runOnlyForDeploymentPostprocessing = 0;
			shellPath = /bin/sh;
			shellScript = "diff \"${PODS_PODFILE_DIR_PATH}/Podfile.lock\" \"${PODS_ROOT}/Manifest.lock\" > /dev/null\nif [ $? != 0 ] ; then\n    # print error to STDERR\n    echo \"error: The sandbox is not in sync with the Podfile.lock. Run 'pod install' or update your CocoaPods installation.\" >&2\n    exit 1\nfi\n# This output is used by Xcode 'outputs' to avoid re-running this script phase.\necho \"SUCCESS\" > \"${SCRIPT_OUTPUT_FILE_0}\"\n";
			showEnvVarsInLog = 0;
		};
		9962808B710CC70B9C010CBA /* [CP] Embed Pods Frameworks */ = {
			isa = PBXShellScriptBuildPhase;
			buildActionMask = 2147483647;
			files = (
			);
			inputFileListPaths = (
				"${PODS_ROOT}/Target Support Files/Pods-TextToSpeak/Pods-TextToSpeak-frameworks-${CONFIGURATION}-input-files.xcfilelist",
			);
			name = "[CP] Embed Pods Frameworks";
			outputFileListPaths = (
				"${PODS_ROOT}/Target Support Files/Pods-TextToSpeak/Pods-TextToSpeak-frameworks-${CONFIGURATION}-output-files.xcfilelist",
			);
			runOnlyForDeploymentPostprocessing = 0;
			shellPath = /bin/sh;
			shellScript = "\"${PODS_ROOT}/Target Support Files/Pods-TextToSpeak/Pods-TextToSpeak-frameworks.sh\"\n";
			showEnvVarsInLog = 0;
		};
		BD61ED776A7FCBD4444550D0 /* [CP] Embed Pods Frameworks */ = {
			isa = PBXShellScriptBuildPhase;
			buildActionMask = 2147483647;
			files = (
			);
			inputFileListPaths = (
				"${PODS_ROOT}/Target Support Files/Pods-TextToSpeak-TextToSpeakUITests/Pods-TextToSpeak-TextToSpeakUITests-frameworks-${CONFIGURATION}-input-files.xcfilelist",
			);
			name = "[CP] Embed Pods Frameworks";
			outputFileListPaths = (
				"${PODS_ROOT}/Target Support Files/Pods-TextToSpeak-TextToSpeakUITests/Pods-TextToSpeak-TextToSpeakUITests-frameworks-${CONFIGURATION}-output-files.xcfilelist",
			);
			runOnlyForDeploymentPostprocessing = 0;
			shellPath = /bin/sh;
			shellScript = "\"${PODS_ROOT}/Target Support Files/Pods-TextToSpeak-TextToSpeakUITests/Pods-TextToSpeak-TextToSpeakUITests-frameworks.sh\"\n";
			showEnvVarsInLog = 0;
		};
		E963D454AB67CFF4C07F59B0 /* [CP] Check Pods Manifest.lock */ = {
			isa = PBXShellScriptBuildPhase;
			buildActionMask = 2147483647;
			files = (
			);
			inputFileListPaths = (
			);
			inputPaths = (
				"${PODS_PODFILE_DIR_PATH}/Podfile.lock",
				"${PODS_ROOT}/Manifest.lock",
			);
			name = "[CP] Check Pods Manifest.lock";
			outputFileListPaths = (
			);
			outputPaths = (
				"$(DERIVED_FILE_DIR)/Pods-TextToSpeak-checkManifestLockResult.txt",
			);
			runOnlyForDeploymentPostprocessing = 0;
			shellPath = /bin/sh;
			shellScript = "diff \"${PODS_PODFILE_DIR_PATH}/Podfile.lock\" \"${PODS_ROOT}/Manifest.lock\" > /dev/null\nif [ $? != 0 ] ; then\n    # print error to STDERR\n    echo \"error: The sandbox is not in sync with the Podfile.lock. Run 'pod install' or update your CocoaPods installation.\" >&2\n    exit 1\nfi\n# This output is used by Xcode 'outputs' to avoid re-running this script phase.\necho \"SUCCESS\" > \"${SCRIPT_OUTPUT_FILE_0}\"\n";
			showEnvVarsInLog = 0;
		};
/* End PBXShellScriptBuildPhase section */

/* Begin PBXSourcesBuildPhase section */
		DBBA702523B78F2700BEC38D /* Sources */ = {
			isa = PBXSourcesBuildPhase;
			buildActionMask = 2147483647;
			files = (
				256DCA2123BA36B100F77B96 /* BEGIUM.swift in Sources */,
				256DCA2623BA36B100F77B96 /* THAILAND.swift in Sources */,
				256DCA2B23BA36B100F77B96 /* FINLAND.swift in Sources */,
				84D6C05523B9E51D00A53FBB /* NormalTableViewCell.swift in Sources */,
				256DCA2D23BA36B100F77B96 /* NETHERLANDS.swift in Sources */,
				256DCA1823BA36B100F77B96 /* SLOVAKIA.swift in Sources */,
				256DC9F023BA366600F77B96 /* ListLanguages.swift in Sources */,
				256DCA1923BA36B100F77B96 /* TURKEY.swift in Sources */,
				256DCA4123BA3AE200F77B96 /* ListVoiceCell.swift in Sources */,
				84D6C03523B99B0A00A53FBB /* AppConstant.swift in Sources */,
				256DCA2823BA36B100F77B96 /* HINDI.swift in Sources */,
				84D6C03C23B9A1DF00A53FBB /* String+Extention.swift in Sources */,
				256DCA3A23BA36B100F77B96 /* TAIWAN.swift in Sources */,
				256DCA3223BA36B100F77B96 /* GREEK.swift in Sources */,
				84D6C04323B9A66700A53FBB /* UITableView+Extention.swift in Sources */,
				256DCA2223BA36B100F77B96 /* DANISH.swift in Sources */,
				84D6C05E23B9ECEA00A53FBB /* HeaderCell.swift in Sources */,
				256DCA3B23BA36B100F77B96 /* JAPAN.swift in Sources */,
				84D6C02723B995AC00A53FBB /* BaseViewXib.swift in Sources */,
				256DCA2723BA36B100F77B96 /* CZECK.swift in Sources */,
				256DCA1B23BA36B100F77B96 /* KOREAN.swift in Sources */,
				DBBA702D23B78F2700BEC38D /* AppDelegate.swift in Sources */,
				256DCA3823BA36B100F77B96 /* ISRAEL.swift in Sources */,
				256DCA3123BA36B100F77B96 /* SOUTHAFICA.swift in Sources */,
				84D6C04A23B9DD0400A53FBB /* SelectVoiceViewController.swift in Sources */,
				84D6C01A23B993ED00A53FBB /* TextViewController.swift in Sources */,
				84D6C01E23B993FB00A53FBB /* SettingViewController.swift in Sources */,
				256DCA2423BA36B100F77B96 /* FRANCE.swift in Sources */,
				256DCA2923BA36B100F77B96 /* INDONESIA.swift in Sources */,
				256DCA3C23BA36B100F77B96 /* MEXICO.swift in Sources */,
				256DC9ED23BA35E400F77B96 /* VoiceModel.swift in Sources */,
				84D6C04023B9A64E00A53FBB /* TextTableViewCell.swift in Sources */,
				256DCA3D23BA36B100F77B96 /* NORWAY.swift in Sources */,
				256DCA2523BA36B100F77B96 /* PORTUGAL.swift in Sources */,
				256DCA3923BA36B100F77B96 /* SWEDEN.swift in Sources */,
				84D6C02E23B9963300A53FBB /* ControlBar.swift in Sources */,
				84D6C03823B99FED00A53FBB /* UserDefaultHelper.swift in Sources */,
				256DCA2E23BA36B100F77B96 /* BRAZIL.swift in Sources */,
				256DCA1C23BA36B100F77B96 /* HUNGARY.swift in Sources */,
				84D6C03223B998B200A53FBB /* BaseViewController.swift in Sources */,
				256DCA3723BA36B100F77B96 /* GERMAN.swift in Sources */,
				256DCA3423BA36B100F77B96 /* CHINA.swift in Sources */,
				256DCA2F23BA36B100F77B96 /* POLAND.swift in Sources */,
				256DCA2023BA36B100F77B96 /* CANADA.swift in Sources */,
				84D6C02223B9940800A53FBB /* StarViewController.swift in Sources */,
				84D6C05923B9E5B300A53FBB /* ControlTableViewCell.swift in Sources */,
				84D6C04623B9ABAD00A53FBB /* HistoryModel.swift in Sources */,
				256DCA1D23BA36B100F77B96 /* ROMANIA.swift in Sources */,
				256DC9E523BA340A00F77B96 /* ListVoiceViewController.swift in Sources */,
				256DCA1A23BA36B100F77B96 /* INDIAN.swift in Sources */,
				256DCA2A23BA36B100F77B96 /* ITALY.swift in Sources */,
				256DCA2323BA36B100F77B96 /* IRISH.swift in Sources */,
				256DC9EE23BA35E400F77B96 /* SectionVoiceModel.swift in Sources */,
				256DCA1E23BA36B100F77B96 /* UNITEDKINGDOM.swift in Sources */,
				256DCA2C23BA36B100F77B96 /* HONGKONG.swift in Sources */,
				256DCA1F23BA36B100F77B96 /* UNITEDSTATES.swift in Sources */,
				84D6C02A23B995EA00A53FBB /* UIView+Extention.swift in Sources */,
				256DCA3523BA36B100F77B96 /* RUSSIAN.swift in Sources */,
				256DCA3023BA36B100F77B96 /* SAUDIARABIA.swift in Sources */,
				256DCA3623BA36B100F77B96 /* SPAIN.swift in Sources */,
				DBBD8D6523BC300C000477A6 /* SpeakModel.swift in Sources */,
				256DCA3323BA36B100F77B96 /* AUSTRALIAN.swift in Sources */,
			);
			runOnlyForDeploymentPostprocessing = 0;
		};
		DBBA703923B78F2800BEC38D /* Sources */ = {
			isa = PBXSourcesBuildPhase;
			buildActionMask = 2147483647;
			files = (
				DBBA704223B78F2800BEC38D /* TextToSpeakTests.swift in Sources */,
			);
			runOnlyForDeploymentPostprocessing = 0;
		};
		DBBA704423B78F2800BEC38D /* Sources */ = {
			isa = PBXSourcesBuildPhase;
			buildActionMask = 2147483647;
			files = (
				DBBA704D23B78F2800BEC38D /* TextToSpeakUITests.swift in Sources */,
			);
			runOnlyForDeploymentPostprocessing = 0;
		};
/* End PBXSourcesBuildPhase section */

/* Begin PBXTargetDependency section */
		DBBA703F23B78F2800BEC38D /* PBXTargetDependency */ = {
			isa = PBXTargetDependency;
			target = DBBA702823B78F2700BEC38D /* TextToSpeak */;
			targetProxy = DBBA703E23B78F2800BEC38D /* PBXContainerItemProxy */;
		};
		DBBA704A23B78F2800BEC38D /* PBXTargetDependency */ = {
			isa = PBXTargetDependency;
			target = DBBA702823B78F2700BEC38D /* TextToSpeak */;
			targetProxy = DBBA704923B78F2800BEC38D /* PBXContainerItemProxy */;
		};
/* End PBXTargetDependency section */

/* Begin PBXVariantGroup section */
		DBBA703523B78F2800BEC38D /* LaunchScreen.storyboard */ = {
			isa = PBXVariantGroup;
			children = (
				DBBA703623B78F2800BEC38D /* Base */,
			);
			name = LaunchScreen.storyboard;
			sourceTree = "<group>";
		};
/* End PBXVariantGroup section */

/* Begin XCBuildConfiguration section */
		DBBA704F23B78F2800BEC38D /* Debug */ = {
			isa = XCBuildConfiguration;
			buildSettings = {
				ALWAYS_SEARCH_USER_PATHS = NO;
				CLANG_ANALYZER_NONNULL = YES;
				CLANG_ANALYZER_NUMBER_OBJECT_CONVERSION = YES_AGGRESSIVE;
				CLANG_CXX_LANGUAGE_STANDARD = "gnu++14";
				CLANG_CXX_LIBRARY = "libc++";
				CLANG_ENABLE_MODULES = YES;
				CLANG_ENABLE_OBJC_ARC = YES;
				CLANG_ENABLE_OBJC_WEAK = YES;
				CLANG_WARN_BLOCK_CAPTURE_AUTORELEASING = YES;
				CLANG_WARN_BOOL_CONVERSION = YES;
				CLANG_WARN_COMMA = YES;
				CLANG_WARN_CONSTANT_CONVERSION = YES;
				CLANG_WARN_DEPRECATED_OBJC_IMPLEMENTATIONS = YES;
				CLANG_WARN_DIRECT_OBJC_ISA_USAGE = YES_ERROR;
				CLANG_WARN_DOCUMENTATION_COMMENTS = YES;
				CLANG_WARN_EMPTY_BODY = YES;
				CLANG_WARN_ENUM_CONVERSION = YES;
				CLANG_WARN_INFINITE_RECURSION = YES;
				CLANG_WARN_INT_CONVERSION = YES;
				CLANG_WARN_NON_LITERAL_NULL_CONVERSION = YES;
				CLANG_WARN_OBJC_IMPLICIT_RETAIN_SELF = YES;
				CLANG_WARN_OBJC_LITERAL_CONVERSION = YES;
				CLANG_WARN_OBJC_ROOT_CLASS = YES_ERROR;
				CLANG_WARN_RANGE_LOOP_ANALYSIS = YES;
				CLANG_WARN_STRICT_PROTOTYPES = YES;
				CLANG_WARN_SUSPICIOUS_MOVE = YES;
				CLANG_WARN_UNGUARDED_AVAILABILITY = YES_AGGRESSIVE;
				CLANG_WARN_UNREACHABLE_CODE = YES;
				CLANG_WARN__DUPLICATE_METHOD_MATCH = YES;
				CODE_SIGN_IDENTITY = "iPhone Developer";
				COPY_PHASE_STRIP = NO;
				DEBUG_INFORMATION_FORMAT = dwarf;
				ENABLE_STRICT_OBJC_MSGSEND = YES;
				ENABLE_TESTABILITY = YES;
				GCC_C_LANGUAGE_STANDARD = gnu11;
				GCC_DYNAMIC_NO_PIC = NO;
				GCC_NO_COMMON_BLOCKS = YES;
				GCC_OPTIMIZATION_LEVEL = 0;
				GCC_PREPROCESSOR_DEFINITIONS = (
					"DEBUG=1",
					"$(inherited)",
				);
				GCC_WARN_64_TO_32_BIT_CONVERSION = YES;
				GCC_WARN_ABOUT_RETURN_TYPE = YES_ERROR;
				GCC_WARN_UNDECLARED_SELECTOR = YES;
				GCC_WARN_UNINITIALIZED_AUTOS = YES_AGGRESSIVE;
				GCC_WARN_UNUSED_FUNCTION = YES;
				GCC_WARN_UNUSED_VARIABLE = YES;
				IPHONEOS_DEPLOYMENT_TARGET = 12.4;
				MTL_ENABLE_DEBUG_INFO = INCLUDE_SOURCE;
				MTL_FAST_MATH = YES;
				ONLY_ACTIVE_ARCH = YES;
				SDKROOT = iphoneos;
				SWIFT_ACTIVE_COMPILATION_CONDITIONS = DEBUG;
				SWIFT_OPTIMIZATION_LEVEL = "-Onone";
			};
			name = Debug;
		};
		DBBA705023B78F2800BEC38D /* Release */ = {
			isa = XCBuildConfiguration;
			buildSettings = {
				ALWAYS_SEARCH_USER_PATHS = NO;
				CLANG_ANALYZER_NONNULL = YES;
				CLANG_ANALYZER_NUMBER_OBJECT_CONVERSION = YES_AGGRESSIVE;
				CLANG_CXX_LANGUAGE_STANDARD = "gnu++14";
				CLANG_CXX_LIBRARY = "libc++";
				CLANG_ENABLE_MODULES = YES;
				CLANG_ENABLE_OBJC_ARC = YES;
				CLANG_ENABLE_OBJC_WEAK = YES;
				CLANG_WARN_BLOCK_CAPTURE_AUTORELEASING = YES;
				CLANG_WARN_BOOL_CONVERSION = YES;
				CLANG_WARN_COMMA = YES;
				CLANG_WARN_CONSTANT_CONVERSION = YES;
				CLANG_WARN_DEPRECATED_OBJC_IMPLEMENTATIONS = YES;
				CLANG_WARN_DIRECT_OBJC_ISA_USAGE = YES_ERROR;
				CLANG_WARN_DOCUMENTATION_COMMENTS = YES;
				CLANG_WARN_EMPTY_BODY = YES;
				CLANG_WARN_ENUM_CONVERSION = YES;
				CLANG_WARN_INFINITE_RECURSION = YES;
				CLANG_WARN_INT_CONVERSION = YES;
				CLANG_WARN_NON_LITERAL_NULL_CONVERSION = YES;
				CLANG_WARN_OBJC_IMPLICIT_RETAIN_SELF = YES;
				CLANG_WARN_OBJC_LITERAL_CONVERSION = YES;
				CLANG_WARN_OBJC_ROOT_CLASS = YES_ERROR;
				CLANG_WARN_RANGE_LOOP_ANALYSIS = YES;
				CLANG_WARN_STRICT_PROTOTYPES = YES;
				CLANG_WARN_SUSPICIOUS_MOVE = YES;
				CLANG_WARN_UNGUARDED_AVAILABILITY = YES_AGGRESSIVE;
				CLANG_WARN_UNREACHABLE_CODE = YES;
				CLANG_WARN__DUPLICATE_METHOD_MATCH = YES;
				CODE_SIGN_IDENTITY = "iPhone Developer";
				COPY_PHASE_STRIP = NO;
				DEBUG_INFORMATION_FORMAT = "dwarf-with-dsym";
				ENABLE_NS_ASSERTIONS = NO;
				ENABLE_STRICT_OBJC_MSGSEND = YES;
				GCC_C_LANGUAGE_STANDARD = gnu11;
				GCC_NO_COMMON_BLOCKS = YES;
				GCC_WARN_64_TO_32_BIT_CONVERSION = YES;
				GCC_WARN_ABOUT_RETURN_TYPE = YES_ERROR;
				GCC_WARN_UNDECLARED_SELECTOR = YES;
				GCC_WARN_UNINITIALIZED_AUTOS = YES_AGGRESSIVE;
				GCC_WARN_UNUSED_FUNCTION = YES;
				GCC_WARN_UNUSED_VARIABLE = YES;
				IPHONEOS_DEPLOYMENT_TARGET = 12.4;
				MTL_ENABLE_DEBUG_INFO = NO;
				MTL_FAST_MATH = YES;
				SDKROOT = iphoneos;
				SWIFT_COMPILATION_MODE = wholemodule;
				SWIFT_OPTIMIZATION_LEVEL = "-O";
				VALIDATE_PRODUCT = YES;
			};
			name = Release;
		};
		DBBA705223B78F2800BEC38D /* Debug */ = {
			isa = XCBuildConfiguration;
			baseConfigurationReference = 7C6D45B48411F0A77AF180AF /* Pods-TextToSpeak.debug.xcconfig */;
			buildSettings = {
				ASSETCATALOG_COMPILER_APPICON_NAME = AppIcon;
				CODE_SIGN_STYLE = Automatic;
				DEVELOPMENT_TEAM = SRSNPE33B8;
				INFOPLIST_FILE = TextToSpeak/Info.plist;
				LD_RUNPATH_SEARCH_PATHS = (
					"$(inherited)",
					"@executable_path/Frameworks",
				);
				PRODUCT_BUNDLE_IDENTIFIER = SangNX.TextToSpea;
				PRODUCT_NAME = "$(TARGET_NAME)";
				SWIFT_VERSION = 5.0;
				TARGETED_DEVICE_FAMILY = "1,2";
			};
			name = Debug;
		};
		DBBA705323B78F2800BEC38D /* Release */ = {
			isa = XCBuildConfiguration;
			baseConfigurationReference = DD7FEFB3535C64B24B762C34 /* Pods-TextToSpeak.release.xcconfig */;
			buildSettings = {
				ASSETCATALOG_COMPILER_APPICON_NAME = AppIcon;
				CODE_SIGN_STYLE = Automatic;
				DEVELOPMENT_TEAM = SRSNPE33B8;
				INFOPLIST_FILE = TextToSpeak/Info.plist;
				LD_RUNPATH_SEARCH_PATHS = (
					"$(inherited)",
					"@executable_path/Frameworks",
				);
				PRODUCT_BUNDLE_IDENTIFIER = SangNX.TextToSpea;
				PRODUCT_NAME = "$(TARGET_NAME)";
				SWIFT_VERSION = 5.0;
				TARGETED_DEVICE_FAMILY = "1,2";
			};
			name = Release;
		};
		DBBA705523B78F2800BEC38D /* Debug */ = {
			isa = XCBuildConfiguration;
			baseConfigurationReference = F6478A69D60720D103F82F4A /* Pods-TextToSpeakTests.debug.xcconfig */;
			buildSettings = {
				ALWAYS_EMBED_SWIFT_STANDARD_LIBRARIES = YES;
				BUNDLE_LOADER = "$(TEST_HOST)";
				CODE_SIGN_STYLE = Automatic;
				INFOPLIST_FILE = TextToSpeakTests/Info.plist;
				LD_RUNPATH_SEARCH_PATHS = (
					"$(inherited)",
					"@executable_path/Frameworks",
					"@loader_path/Frameworks",
				);
				PRODUCT_BUNDLE_IDENTIFIER = SangNX.TextToSpeakTests;
				PRODUCT_NAME = "$(TARGET_NAME)";
				SWIFT_VERSION = 5.0;
				TARGETED_DEVICE_FAMILY = "1,2";
				TEST_HOST = "$(BUILT_PRODUCTS_DIR)/TextToSpeak.app/TextToSpeak";
			};
			name = Debug;
		};
		DBBA705623B78F2800BEC38D /* Release */ = {
			isa = XCBuildConfiguration;
			baseConfigurationReference = 3A3B84E2CFCBE25E07A5835A /* Pods-TextToSpeakTests.release.xcconfig */;
			buildSettings = {
				ALWAYS_EMBED_SWIFT_STANDARD_LIBRARIES = YES;
				BUNDLE_LOADER = "$(TEST_HOST)";
				CODE_SIGN_STYLE = Automatic;
				INFOPLIST_FILE = TextToSpeakTests/Info.plist;
				LD_RUNPATH_SEARCH_PATHS = (
					"$(inherited)",
					"@executable_path/Frameworks",
					"@loader_path/Frameworks",
				);
				PRODUCT_BUNDLE_IDENTIFIER = SangNX.TextToSpeakTests;
				PRODUCT_NAME = "$(TARGET_NAME)";
				SWIFT_VERSION = 5.0;
				TARGETED_DEVICE_FAMILY = "1,2";
				TEST_HOST = "$(BUILT_PRODUCTS_DIR)/TextToSpeak.app/TextToSpeak";
			};
			name = Release;
		};
		DBBA705823B78F2800BEC38D /* Debug */ = {
			isa = XCBuildConfiguration;
			baseConfigurationReference = 60405A8935C8122FFE0D0EFE /* Pods-TextToSpeak-TextToSpeakUITests.debug.xcconfig */;
			buildSettings = {
				ALWAYS_EMBED_SWIFT_STANDARD_LIBRARIES = YES;
				CODE_SIGN_STYLE = Automatic;
				INFOPLIST_FILE = TextToSpeakUITests/Info.plist;
				LD_RUNPATH_SEARCH_PATHS = (
					"$(inherited)",
					"@executable_path/Frameworks",
					"@loader_path/Frameworks",
				);
				PRODUCT_BUNDLE_IDENTIFIER = SangNX.TextToSpeakUITests;
				PRODUCT_NAME = "$(TARGET_NAME)";
				SWIFT_VERSION = 5.0;
				TARGETED_DEVICE_FAMILY = "1,2";
				TEST_TARGET_NAME = TextToSpeak;
			};
			name = Debug;
		};
		DBBA705923B78F2800BEC38D /* Release */ = {
			isa = XCBuildConfiguration;
			baseConfigurationReference = A0336CAA4AB437A6C45D939B /* Pods-TextToSpeak-TextToSpeakUITests.release.xcconfig */;
			buildSettings = {
				ALWAYS_EMBED_SWIFT_STANDARD_LIBRARIES = YES;
				CODE_SIGN_STYLE = Automatic;
				INFOPLIST_FILE = TextToSpeakUITests/Info.plist;
				LD_RUNPATH_SEARCH_PATHS = (
					"$(inherited)",
					"@executable_path/Frameworks",
					"@loader_path/Frameworks",
				);
				PRODUCT_BUNDLE_IDENTIFIER = SangNX.TextToSpeakUITests;
				PRODUCT_NAME = "$(TARGET_NAME)";
				SWIFT_VERSION = 5.0;
				TARGETED_DEVICE_FAMILY = "1,2";
				TEST_TARGET_NAME = TextToSpeak;
			};
			name = Release;
		};
/* End XCBuildConfiguration section */

/* Begin XCConfigurationList section */
		DBBA702423B78F2700BEC38D /* Build configuration list for PBXProject "TextToSpeak" */ = {
			isa = XCConfigurationList;
			buildConfigurations = (
				DBBA704F23B78F2800BEC38D /* Debug */,
				DBBA705023B78F2800BEC38D /* Release */,
			);
			defaultConfigurationIsVisible = 0;
			defaultConfigurationName = Release;
		};
		DBBA705123B78F2800BEC38D /* Build configuration list for PBXNativeTarget "TextToSpeak" */ = {
			isa = XCConfigurationList;
			buildConfigurations = (
				DBBA705223B78F2800BEC38D /* Debug */,
				DBBA705323B78F2800BEC38D /* Release */,
			);
			defaultConfigurationIsVisible = 0;
			defaultConfigurationName = Release;
		};
		DBBA705423B78F2800BEC38D /* Build configuration list for PBXNativeTarget "TextToSpeakTests" */ = {
			isa = XCConfigurationList;
			buildConfigurations = (
				DBBA705523B78F2800BEC38D /* Debug */,
				DBBA705623B78F2800BEC38D /* Release */,
			);
			defaultConfigurationIsVisible = 0;
			defaultConfigurationName = Release;
		};
		DBBA705723B78F2800BEC38D /* Build configuration list for PBXNativeTarget "TextToSpeakUITests" */ = {
			isa = XCConfigurationList;
			buildConfigurations = (
				DBBA705823B78F2800BEC38D /* Debug */,
				DBBA705923B78F2800BEC38D /* Release */,
			);
			defaultConfigurationIsVisible = 0;
			defaultConfigurationName = Release;
		};
/* End XCConfigurationList section */
	};
	rootObject = DBBA702123B78F2700BEC38D /* Project object */;
}
